{
  "name": "pm-demo",
  "lockfileVersion": 3,
  "requires": true,
  "packages": {
    "": {
      "name": "pm-demo",
      "dependencies": {
        "dotenv": "^17.4.2",
        "nodemailer": "^8.0.7"
      },
      "devDependencies": {
        "@preact/signals": "^1.3.0",
        "@preact/signals-core": "^1.8.0",
        "@schedule-x/calendar": "^2.2.0",
        "@schedule-x/theme-default": "^2.2.0",
        "fullcalendar": "^3.10.5",
        "jquery": "^3.7.1",
        "lunar-javascript": "^1.7.7",
        "moment": "^2.29.4",
        "preact": "^10.23.2"
      }
    },
    "node_modules/@preact/signals": {
      "version": "1.3.0",
      "resolved": "https://registry.npmjs.org/@preact/signals/-/signals-1.3.0.tgz",
      "integrity": "sha512-EOMeg42SlLS72dhoq6Vjq08havnLseWmPQ8A0YsgIAqMgWgx7V1a39+Pxo6i7SY5NwJtH4849JogFq3M67AzWg==",
      "dev": true,
      "license": "MIT",
      "dependencies": {
        "@preact/signals-core": "^1.7.0"
      },
      "funding": {
        "type": "opencollective",
        "url": "https://opencollective.com/preact"
      },
      "peerDependencies": {
        "preact": "10.x"
      }
    },
    "node_modules/@preact/signals-core": {
      "version": "1.8.0",
      "resolved": "https://registry.npmjs.org/@preact/signals-core/-/signals-core-1.8.0.tgz",
      "integrity": "sha512-OBvUsRZqNmjzCZXWLxkZfhcgT+Fk8DDcT/8vD6a1xhDemodyy87UJRJfASMuSD8FaAIeGgGm85ydXhm7lr4fyA==",
      "dev": true,
      "license": "MIT",
      "funding": {
        "type": "opencollective",
        "url": "https://opencollective.com/preact"
      }
    },
    "node_modules/@schedule-x/calendar": {
      "version": "2.2.0",
      "resolved": "https://registry.npmjs.org/@schedule-x/calendar/-/calendar-2.2.0.tgz",
      "integrity": "sha512-YO/S0jzxo8+Rn5/oUNQGOB/byor+cCJKeBYLGiiq7URWBgaDxr+xtR5eWs29Aa12tCTY+q9YkAfsacQ73LYusQ==",
      "dev": true,
      "license": "MIT",
      "peerDependencies": {
        "@preact/signals": "^1.1.5",
        "preact": "^10.19.2"
      }
    },
    "node_modules/@schedule-x/theme-default": {
      "version": "2.2.0",
      "resolved": "https://registry.npmjs.org/@schedule-x/theme-default/-/theme-default-2.2.0.tgz",
      "integrity": "sha512-9bYQ+cipWFIen7c1MXH1ABNRF9zKBlc5zhnTcQ0LkSLx9Y58YheqjDApRdAZMJUzWRWGMNR/Z8G9OdQy/4UzFw==",
      "dev": true,
      "license": "MIT",
      "workspaces": [
        "packages/*"
      ]
    },
    "node_modules/dotenv": {
      "version": "17.4.2",
      "resolved": "https://registry.npmmirror.com/dotenv/-/dotenv-17.4.2.tgz",
      "integrity": "sha512-nI4U3TottKAcAD9LLud4Cb7b2QztQMUEfHbvhTH09bqXTxnSie8WnjPALV/WMCrJZ6UV/qHJ6L03OqO3LcdYZw==",
      "license": "BSD-2-Clause",
      "engines": {
        "node": ">=12"
      },
      "funding": {
        "url": "https://dotenvx.com"
      }
    },
    "node_modules/fullcalendar": {
      "version": "3.10.5",
      "resolved": "https://registry.npmjs.org/fullcalendar/-/fullcalendar-3.10.5.tgz",
      "integrity": "sha512-JGWpECKgza/344bbF5QT0hBJpx04DZ/7QGPlR1ZbAwrG6Yz6mWEkQd+NnZUh1sK6HCBIPnPRW2x53aJxeLGvvQ==",
      "dev": true,
      "license": "MIT",
      "peerDependencies": {
        "jquery": "2 - 3",
        "moment": "^2.20.1"
      }
    },
    "node_modules/jquery": {
      "version": "3.7.1",
      "resolved": "https://registry.npmjs.org/jquery/-/jquery-3.7.1.tgz",
      "integrity": "sha512-m4avr8yL8kmFN8psrbFFFmB/If14iN5o9nw/NgnnM+kybDJpRsAynV2BsfpTYrTRysYUdADVD7CkUUizgkpLfg==",
      "dev": true,
      "license": "MIT"
    },
    "node_modules/lunar-javascript": {
      "version": "1.7.7",
      "resolved": "https://registry.npmjs.org/lunar-javascript/-/lunar-javascript-1.7.7.tgz",
      "integrity": "sha512-u/KYiwPIBo/0bT+WWfU7qO1d+aqeB90Tuy4ErXenr2Gam0QcWeezUvtiOIyXR7HbVnW2I1DKfU0NBvzMZhbVQw==",
      "dev": true,
      "license": "MIT"
    },
    "node_modules/moment": {
      "version": "2.29.4",
      "resolved": "https://registry.npmjs.org/moment/-/moment-2.29.4.tgz",
      "integrity": "sha512-5LC9SOxjSc2HF6vO2CyuTDNivEdoz2IvyJJGj6X8DJ0eFyfszE0QiEd+iXmBvUP3WHxSjFH/vIsA0EN00cgr8w==",
      "dev": true,
      "license": "MIT",
      "engines": {
        "node": "*"
      }
    },
    "node_modules/nodemailer": {
      "version": "8.0.11",
      "resolved": "https://registry.npmmirror.com/nodemailer/-/nodemailer-8.0.11.tgz",
      "integrity": "sha512-nrO/pDAUKl+wXX+lx16tDLbnm0fW6sK/x8mgohaCpg+CdCEl482bD4tCuAZk2DyliruiNTIZxRCoWkDqJEnAiA==",
      "license": "MIT-0",
      "engines": {
        "node": ">=6.0.0"
      }
    },
    "node_modules/preact": {
      "version": "10.23.2",
      "resolved": "https://registry.npmjs.org/preact/-/preact-10.23.2.tgz",
      "integrity": "sha512-kKYfePf9rzKnxOAKDpsWhg/ysrHPqT+yQ7UW4JjdnqjFIeNUnNcEJvhuA8fDenxAGWzUqtd51DfVg7xp/8T9NA==",
      "dev": true,
      "license": "MIT",
      "funding": {
        "type": "opencollective",
        "url": "https://opencollective.com/preact"
      }
    }
  }
}
